{
  "requires": true,
  "lockfileVersion": 1,
  "dependencies": {
    "mgrs": {
      "version": "1.0.0",
      "resolved": "https://registry.npmjs.org/mgrs/-/mgrs-1.0.0.tgz",
      "integrity": "sha1-+5FYjnjJACVnI5XLQLJffNatGCk="
    },
    "proj4": {
      "version": "2.5.0",
      "resolved": "https://registry.npmjs.org/proj4/-/proj4-2.5.0.tgz",
      "integrity": "sha512-XZTRT7OPdLzgvtTqL8DG2cEj8lYdovztOwiwpwRSYayOty5Ipf3H68dh/fiL+HKDEyetmQSMhkkMGiJoyziz3w==",
      "requires": {
        "mgrs": "1.0.0",
        "wkt-parser": "1.2.3"
      }
    },
    "wkt-parser": {
      "version": "1.2.3",
      "resolved": "https://registry.npmjs.org/wkt-parser/-/wkt-parser-1.2.3.tgz",
      "integrity": "sha512-s7zrOedGuHbbzMaQOuf8HacuCYp3LmmrHjkkN//7UEAzsYz7xJ6J+j/84ZWZkQcrRqi3xXyuc4odPHj7PEB0bw=="
    }
  }
}
